
Microsoft Visual Studio Solution File, Format Version 12.00
# Visual Studio Version 17
VisualStudioVersion = 17.1.32421.90
MinimumVisualStudioVersion = 10.0.40219.1
Project("{FAE04EC0-301F-11D3-BF4B-00C04F79EFBC}") = "Euler-CS", "Euler-CS.csproj", "{2AE944FE-BE46-46D6-A851-3A481810D213}"
EndProject
Global
	GlobalSection(SolutionConfigurationPlatforms) = preSolution
		Debug|Any CPU = Debug|Any CPU
		Release|Any CPU = Release|Any CPU
	EndGlobalSection
	GlobalSection(ProjectConfigurationPlatforms) = postSolution
		{2AE944FE-BE46-46D6-A851-3A481810D213}.Debug|Any CPU.ActiveCfg = Debug|Any CPU
		{2AE944FE-BE46-46D6-A851-3A481810D213}.Debug|Any CPU.Build.0 = Debug|Any CPU
		{2AE944FE-BE46-46D6-A851-3A481810D213}.Release|Any CPU.ActiveCfg = Release|Any CPU
		{2AE944FE-BE46-46D6-A851-3A481810D213}.Release|Any CPU.Build.0 = Release|Any CPU
	EndGlobalSection
	GlobalSection(SolutionProperties) = preSolution
		HideSolutionNode = FALSE
	EndGlobalSection
	GlobalSection(ExtensibilityGlobals) = postSolution
		SolutionGuid = {E9AF6E22-B4DF-4FBF-AE18-008B4EA607F9}
	EndGlobalSection
EndGlobal
